
Microsoft Visual Studio Solution File, Format Version 12.00
# Visual Studio Version 16
VisualStudioVersion = 16.0.30011.22
MinimumVisualStudioVersion = 10.0.40219.1
Project("{FAE04EC0-301F-11D3-BF4B-00C04F79EFBC}") = "LibraryAPI", "LibraryAPI\LibraryAPI.csproj", "{D8A49EB3-90E9-4E51-9FF2-B7D5B40DF269}"
EndProject
Project("{FAE04EC0-301F-11D3-BF4B-00C04F79EFBC}") = "Data", "Data\Data.csproj", "{C4B462B4-5BDB-4967-9886-DD859A62ECFC}"
EndProject
Project("{FAE04EC0-301F-11D3-BF4B-00C04F79EFBC}") = "Model", "Model\Model.csproj", "{F524029F-2BCD-488A-8AA6-F65D47E0410C}"
EndProject
Project("{FAE04EC0-301F-11D3-BF4B-00C04F79EFBC}") = "Logic", "Logic\Logic.csproj", "{C6B65630-2AAB-4E78-9EE6-20CB3C5AACD4}"
EndProject
Global
	GlobalSection(SolutionConfigurationPlatforms) = preSolution
		Debug|Any CPU = Debug|Any CPU
		Release|Any CPU = Release|Any CPU
	EndGlobalSection
	GlobalSection(ProjectConfigurationPlatforms) = postSolution
		{D8A49EB3-90E9-4E51-9FF2-B7D5B40DF269}.Debug|Any CPU.ActiveCfg = Debug|Any CPU
		{D8A49EB3-90E9-4E51-9FF2-B7D5B40DF269}.Debug|Any CPU.Build.0 = Debug|Any CPU
		{D8A49EB3-90E9-4E51-9FF2-B7D5B40DF269}.Release|Any CPU.ActiveCfg = Release|Any CPU
		{D8A49EB3-90E9-4E51-9FF2-B7D5B40DF269}.Release|Any CPU.Build.0 = Release|Any CPU
		{C4B462B4-5BDB-4967-9886-DD859A62ECFC}.Debug|Any CPU.ActiveCfg = Debug|Any CPU
		{C4B462B4-5BDB-4967-9886-DD859A62ECFC}.Debug|Any CPU.Build.0 = Debug|Any CPU
		{C4B462B4-5BDB-4967-9886-DD859A62ECFC}.Release|Any CPU.ActiveCfg = Release|Any CPU
		{C4B462B4-5BDB-4967-9886-DD859A62ECFC}.Release|Any CPU.Build.0 = Release|Any CPU
		{F524029F-2BCD-488A-8AA6-F65D47E0410C}.Debug|Any CPU.ActiveCfg = Debug|Any CPU
		{F524029F-2BCD-488A-8AA6-F65D47E0410C}.Debug|Any CPU.Build.0 = Debug|Any CPU
		{F524029F-2BCD-488A-8AA6-F65D47E0410C}.Release|Any CPU.ActiveCfg = Release|Any CPU
		{F524029F-2BCD-488A-8AA6-F65D47E0410C}.Release|Any CPU.Build.0 = Release|Any CPU
		{C6B65630-2AAB-4E78-9EE6-20CB3C5AACD4}.Debug|Any CPU.ActiveCfg = Debug|Any CPU
		{C6B65630-2AAB-4E78-9EE6-20CB3C5AACD4}.Debug|Any CPU.Build.0 = Debug|Any CPU
		{C6B65630-2AAB-4E78-9EE6-20CB3C5AACD4}.Release|Any CPU.ActiveCfg = Release|Any CPU
		{C6B65630-2AAB-4E78-9EE6-20CB3C5AACD4}.Release|Any CPU.Build.0 = Release|Any CPU
	EndGlobalSection
	GlobalSection(SolutionProperties) = preSolution
		HideSolutionNode = FALSE
	EndGlobalSection
	GlobalSection(ExtensibilityGlobals) = postSolution
		SolutionGuid = {080803F8-9E19-44E0-BB37-94A956FBB77C}
	EndGlobalSection
EndGlobal
